
Microsoft Visual Studio Solution File, Format Version 12.00
# Visual Studio Version 16
VisualStudioVersion = 16.0.30804.86
MinimumVisualStudioVersion = 10.0.40219.1
Project("{FAE04EC0-301F-11D3-BF4B-00C04F79EFBC}") = "Seminar4_PAW", "Seminar4_PAW.csproj", "{2D6752AB-9204-442C-A1F6-E08DBF01E054}"
EndProject
Global
	GlobalSection(SolutionConfigurationPlatforms) = preSolution
		Debug|Any CPU = Debug|Any CPU
		Release|Any CPU = Release|Any CPU
	EndGlobalSection
	GlobalSection(ProjectConfigurationPlatforms) = postSolution
		{2D6752AB-9204-442C-A1F6-E08DBF01E054}.Debug|Any CPU.ActiveCfg = Debug|Any CPU
		{2D6752AB-9204-442C-A1F6-E08DBF01E054}.Debug|Any CPU.Build.0 = Debug|Any CPU
		{2D6752AB-9204-442C-A1F6-E08DBF01E054}.Release|Any CPU.ActiveCfg = Release|Any CPU
		{2D6752AB-9204-442C-A1F6-E08DBF01E054}.Release|Any CPU.Build.0 = Release|Any CPU
	EndGlobalSection
	GlobalSection(SolutionProperties) = preSolution
		HideSolutionNode = FALSE
	EndGlobalSection
	GlobalSection(ExtensibilityGlobals) = postSolution
		SolutionGuid = {BCBA7F84-A68B-463A-898B-49C1C2A6724C}
	EndGlobalSection
EndGlobal
