
Microsoft Visual Studio Solution File, Format Version 12.00
# Visual Studio 15
VisualStudioVersion = 15.0.28307.421
MinimumVisualStudioVersion = 10.0.40219.1
Project("{FAE04EC0-301F-11D3-BF4B-00C04F79EFBC}") = "Sem1-1057", "Sem1-1057\Sem1-1057.csproj", "{91729A90-D5BB-4B27-AFCE-88304E948E18}"
EndProject
Global
	GlobalSection(SolutionConfigurationPlatforms) = preSolution
		Debug|Any CPU = Debug|Any CPU
		Release|Any CPU = Release|Any CPU
	EndGlobalSection
	GlobalSection(ProjectConfigurationPlatforms) = postSolution
		{91729A90-D5BB-4B27-AFCE-88304E948E18}.Debug|Any CPU.ActiveCfg = Debug|Any CPU
		{91729A90-D5BB-4B27-AFCE-88304E948E18}.Debug|Any CPU.Build.0 = Debug|Any CPU
		{91729A90-D5BB-4B27-AFCE-88304E948E18}.Release|Any CPU.ActiveCfg = Release|Any CPU
		{91729A90-D5BB-4B27-AFCE-88304E948E18}.Release|Any CPU.Build.0 = Release|Any CPU
	EndGlobalSection
	GlobalSection(SolutionProperties) = preSolution
		HideSolutionNode = FALSE
	EndGlobalSection
	GlobalSection(ExtensibilityGlobals) = postSolution
		SolutionGuid = {EEA9F65D-A927-4950-855C-BEC9F96CE82B}
	EndGlobalSection
EndGlobal
